// !$*UTF8*$!
{
	archiveVersion = 1;
	classes = {
	};
	objectVersion = 56;
	objects = {

/* Begin PBXBuildFile section */
		F219374628FEFBA100AD5AF0 /* CoreDataStack.swift in Sources */ = {isa = PBXBuildFile; fileRef = F219374528FEFBA100AD5AF0 /* CoreDataStack.swift */; };
		F2256F1F290876A0003DA153 /* DIConatiner.swift in Sources */ = {isa = PBXBuildFile; fileRef = F2256F1E290876A0003DA153 /* DIConatiner.swift */; };
		F248D723290A7AFE000E8C50 /* GetLoadedFeedGroupsUseCase.swift in Sources */ = {isa = PBXBuildFile; fileRef = F248D722290A7AFE000E8C50 /* GetLoadedFeedGroupsUseCase.swift */; };
		F25708CA290C4A2B005FBE1D /* ItemDescripitonViewController.swift in Sources */ = {isa = PBXBuildFile; fileRef = F25708C9290C4A2B005FBE1D /* ItemDescripitonViewController.swift */; };
		F2574FEF290082F800CF540C /* Connectivity.swift in Sources */ = {isa = PBXBuildFile; fileRef = F2574FEE290082F800CF540C /* Connectivity.swift */; };
		F265B020290ED5F5006EA513 /* AddFeedTableView.swift in Sources */ = {isa = PBXBuildFile; fileRef = F265B01F290ED5F5006EA513 /* AddFeedTableView.swift */; };
		F2929C112906E24B006B96CF /* Feed.swift in Sources */ = {isa = PBXBuildFile; fileRef = F2929C102906E24B006B96CF /* Feed.swift */; };
		F2929C132906E296006B96CF /* FeedGroup.swift in Sources */ = {isa = PBXBuildFile; fileRef = F2929C122906E296006B96CF /* FeedGroup.swift */; };
		F2932B8E2906D1B300581568 /* FeedItem.swift in Sources */ = {isa = PBXBuildFile; fileRef = F2932B8D2906D1B300581568 /* FeedItem.swift */; };
		F2C4B9F428F7269500359E5D /* AppDelegate.swift in Sources */ = {isa = PBXBuildFile; fileRef = F2C4B9F328F7269500359E5D /* AppDelegate.swift */; };
		F2C4B9F628F7269500359E5D /* SceneDelegate.swift in Sources */ = {isa = PBXBuildFile; fileRef = F2C4B9F528F7269500359E5D /* SceneDelegate.swift */; };
		F2C4B9FB28F7269500359E5D /* Main.storyboard in Resources */ = {isa = PBXBuildFile; fileRef = F2C4B9F928F7269500359E5D /* Main.storyboard */; };
		F2C4BA0028F7269600359E5D /* Assets.xcassets in Resources */ = {isa = PBXBuildFile; fileRef = F2C4B9FF28F7269600359E5D /* Assets.xcassets */; };
		F2C4BA0328F7269600359E5D /* LaunchScreen.storyboard in Resources */ = {isa = PBXBuildFile; fileRef = F2C4BA0128F7269600359E5D /* LaunchScreen.storyboard */; };
		F2C4BA4C28F8AB7600359E5D /* MainTableViewController.swift in Sources */ = {isa = PBXBuildFile; fileRef = F2C4BA4B28F8AB7600359E5D /* MainTableViewController.swift */; };
		F2C4BA4E28F8AE1C00359E5D /* AddFeedViewController.swift in Sources */ = {isa = PBXBuildFile; fileRef = F2C4BA4D28F8AE1C00359E5D /* AddFeedViewController.swift */; };
		F2C4BA5228F9596700359E5D /* FeedRepository.swift in Sources */ = {isa = PBXBuildFile; fileRef = F2C4BA5128F9596700359E5D /* FeedRepository.swift */; };
		F2C4BA5528F97F5000359E5D /* MainTVCCustomCell.swift in Sources */ = {isa = PBXBuildFile; fileRef = F2C4BA5428F97F5000359E5D /* MainTVCCustomCell.swift */; };
		F2C4BA6528F9BB5000359E5D /* FeedRepositoryImpl.swift in Sources */ = {isa = PBXBuildFile; fileRef = F2C4BA6428F9BB5000359E5D /* FeedRepositoryImpl.swift */; };
		F2C4BA6728F9E38A00359E5D /* NetworkDataSource.swift in Sources */ = {isa = PBXBuildFile; fileRef = F2C4BA6628F9E38A00359E5D /* NetworkDataSource.swift */; };
		F2C4BA7828FDAD0400359E5D /* DataSourceProtocols.swift in Sources */ = {isa = PBXBuildFile; fileRef = F2C4BA7728FDAD0400359E5D /* DataSourceProtocols.swift */; };
		F2C95DDC290C245D000E36DD /* MeedlyDataModel.xcdatamodeld in Sources */ = {isa = PBXBuildFile; fileRef = F2C95DDA290C245D000E36DD /* MeedlyDataModel.xcdatamodeld */; };
		F2C95DE3290C2745000E36DD /* FeedItemEntity+CoreDataClass.swift in Sources */ = {isa = PBXBuildFile; fileRef = F2C95DDD290C2745000E36DD /* FeedItemEntity+CoreDataClass.swift */; };
		F2C95DE4290C2745000E36DD /* FeedItemEntity+CoreDataProperties.swift in Sources */ = {isa = PBXBuildFile; fileRef = F2C95DDE290C2745000E36DD /* FeedItemEntity+CoreDataProperties.swift */; };
		F2C95DE5290C2745000E36DD /* FeedEntity+CoreDataClass.swift in Sources */ = {isa = PBXBuildFile; fileRef = F2C95DDF290C2745000E36DD /* FeedEntity+CoreDataClass.swift */; };
		F2C95DE6290C2745000E36DD /* FeedEntity+CoreDataProperties.swift in Sources */ = {isa = PBXBuildFile; fileRef = F2C95DE0290C2745000E36DD /* FeedEntity+CoreDataProperties.swift */; };
		F2C95DE7290C2745000E36DD /* FeedGroupEntity+CoreDataClass.swift in Sources */ = {isa = PBXBuildFile; fileRef = F2C95DE1290C2745000E36DD /* FeedGroupEntity+CoreDataClass.swift */; };
		F2C95DE8290C2745000E36DD /* FeedGroupEntity+CoreDataProperties.swift in Sources */ = {isa = PBXBuildFile; fileRef = F2C95DE2290C2745000E36DD /* FeedGroupEntity+CoreDataProperties.swift */; };
		F2C95DEA290C3941000E36DD /* MainVCCustomCellNoImage.swift in Sources */ = {isa = PBXBuildFile; fileRef = F2C95DE9290C3941000E36DD /* MainVCCustomCellNoImage.swift */; };
		F2DC31F2290B302500071EED /* XMLParser.swift in Sources */ = {isa = PBXBuildFile; fileRef = F2DC31F1290B302500071EED /* XMLParser.swift */; };
		F2E2D7F3290D9C720019B5F7 /* MainTableView.swift in Sources */ = {isa = PBXBuildFile; fileRef = F2E2D7F2290D9C720019B5F7 /* MainTableView.swift */; };
		F2E41FAA2901C1BE00FCA844 /* GetCachedFeedGroupsUseCase.swift in Sources */ = {isa = PBXBuildFile; fileRef = F2E41FA92901C1BE00FCA844 /* GetCachedFeedGroupsUseCase.swift */; };
		F2E41FAC2901CC1500FCA844 /* SaveNewGroupUseCase.swift in Sources */ = {isa = PBXBuildFile; fileRef = F2E41FAB2901CC1500FCA844 /* SaveNewGroupUseCase.swift */; };
		F2E41FB229020A4700FCA844 /* SaveNewFeedUseCase.swift in Sources */ = {isa = PBXBuildFile; fileRef = F2E41FB129020A4700FCA844 /* SaveNewFeedUseCase.swift */; };
		F2F1E56C2905D2AC00EE942A /* DataBaseDataSource.swift in Sources */ = {isa = PBXBuildFile; fileRef = F2F1E56B2905D2AC00EE942A /* DataBaseDataSource.swift */; };
		FB6529D7DD00F7C9912F780C /* Pods_Meedly.framework in Frameworks */ = {isa = PBXBuildFile; fileRef = DAC134E9D866701D7B3AED6C /* Pods_Meedly.framework */; };
/* End PBXBuildFile section */

/* Begin PBXFileReference section */
		954BD52AE918519170D529BB /* Pods-Meedly.release.xcconfig */ = {isa = PBXFileReference; includeInIndex = 1; lastKnownFileType = text.xcconfig; name = "Pods-Meedly.release.xcconfig"; path = "Target Support Files/Pods-Meedly/Pods-Meedly.release.xcconfig"; sourceTree = "<group>"; };
		A59E9D8226821FAFC220C145 /* Pods-Meedly.debug.xcconfig */ = {isa = PBXFileReference; includeInIndex = 1; lastKnownFileType = text.xcconfig; name = "Pods-Meedly.debug.xcconfig"; path = "Target Support Files/Pods-Meedly/Pods-Meedly.debug.xcconfig"; sourceTree = "<group>"; };
		DAC134E9D866701D7B3AED6C /* Pods_Meedly.framework */ = {isa = PBXFileReference; explicitFileType = wrapper.framework; includeInIndex = 0; path = Pods_Meedly.framework; sourceTree = BUILT_PRODUCTS_DIR; };
		F219374528FEFBA100AD5AF0 /* CoreDataStack.swift */ = {isa = PBXFileReference; lastKnownFileType = sourcecode.swift; path = CoreDataStack.swift; sourceTree = "<group>"; };
		F2256F1E290876A0003DA153 /* DIConatiner.swift */ = {isa = PBXFileReference; lastKnownFileType = sourcecode.swift; path = DIConatiner.swift; sourceTree = "<group>"; };
		F248D722290A7AFE000E8C50 /* GetLoadedFeedGroupsUseCase.swift */ = {isa = PBXFileReference; lastKnownFileType = sourcecode.swift; path = GetLoadedFeedGroupsUseCase.swift; sourceTree = "<group>"; };
		F25708C9290C4A2B005FBE1D /* ItemDescripitonViewController.swift */ = {isa = PBXFileReference; lastKnownFileType = sourcecode.swift; path = ItemDescripitonViewController.swift; sourceTree = "<group>"; };
		F2574FEE290082F800CF540C /* Connectivity.swift */ = {isa = PBXFileReference; lastKnownFileType = sourcecode.swift; path = Connectivity.swift; sourceTree = "<group>"; };
		F265B01F290ED5F5006EA513 /* AddFeedTableView.swift */ = {isa = PBXFileReference; lastKnownFileType = sourcecode.swift; path = AddFeedTableView.swift; sourceTree = "<group>"; };
		F2929C102906E24B006B96CF /* Feed.swift */ = {isa = PBXFileReference; lastKnownFileType = sourcecode.swift; path = Feed.swift; sourceTree = "<group>"; };
		F2929C122906E296006B96CF /* FeedGroup.swift */ = {isa = PBXFileReference; lastKnownFileType = sourcecode.swift; path = FeedGroup.swift; sourceTree = "<group>"; };
		F2932B8D2906D1B300581568 /* FeedItem.swift */ = {isa = PBXFileReference; lastKnownFileType = sourcecode.swift; path = FeedItem.swift; sourceTree = "<group>"; };
		F2C4B9F028F7269500359E5D /* Meedly.app */ = {isa = PBXFileReference; explicitFileType = wrapper.application; includeInIndex = 0; path = Meedly.app; sourceTree = BUILT_PRODUCTS_DIR; };
		F2C4B9F328F7269500359E5D /* AppDelegate.swift */ = {isa = PBXFileReference; lastKnownFileType = sourcecode.swift; path = AppDelegate.swift; sourceTree = "<group>"; };
		F2C4B9F528F7269500359E5D /* SceneDelegate.swift */ = {isa = PBXFileReference; lastKnownFileType = sourcecode.swift; path = SceneDelegate.swift; sourceTree = "<group>"; };
		F2C4B9FA28F7269500359E5D /* Base */ = {isa = PBXFileReference; lastKnownFileType = file.storyboard; name = Base; path = Base.lproj/Main.storyboard; sourceTree = "<group>"; };
		F2C4B9FF28F7269600359E5D /* Assets.xcassets */ = {isa = PBXFileReference; lastKnownFileType = folder.assetcatalog; path = Assets.xcassets; sourceTree = "<group>"; };
		F2C4BA0228F7269600359E5D /* Base */ = {isa = PBXFileReference; lastKnownFileType = file.storyboard; name = Base; path = Base.lproj/LaunchScreen.storyboard; sourceTree = "<group>"; };
		F2C4BA0428F7269600359E5D /* Info.plist */ = {isa = PBXFileReference; lastKnownFileType = text.plist.xml; path = Info.plist; sourceTree = "<group>"; };
		F2C4BA4B28F8AB7600359E5D /* MainTableViewController.swift */ = {isa = PBXFileReference; lastKnownFileType = sourcecode.swift; path = MainTableViewController.swift; sourceTree = "<group>"; };
		F2C4BA4D28F8AE1C00359E5D /* AddFeedViewController.swift */ = {isa = PBXFileReference; lastKnownFileType = sourcecode.swift; path = AddFeedViewController.swift; sourceTree = "<group>"; };
		F2C4BA5128F9596700359E5D /* FeedRepository.swift */ = {isa = PBXFileReference; lastKnownFileType = sourcecode.swift; path = FeedRepository.swift; sourceTree = "<group>"; };
		F2C4BA5428F97F5000359E5D /* MainTVCCustomCell.swift */ = {isa = PBXFileReference; lastKnownFileType = sourcecode.swift; path = MainTVCCustomCell.swift; sourceTree = "<group>"; };
		F2C4BA6428F9BB5000359E5D /* FeedRepositoryImpl.swift */ = {isa = PBXFileReference; lastKnownFileType = sourcecode.swift; path = FeedRepositoryImpl.swift; sourceTree = "<group>"; };
		F2C4BA6628F9E38A00359E5D /* NetworkDataSource.swift */ = {isa = PBXFileReference; lastKnownFileType = sourcecode.swift; path = NetworkDataSource.swift; sourceTree = "<group>"; };
		F2C4BA7728FDAD0400359E5D /* DataSourceProtocols.swift */ = {isa = PBXFileReference; lastKnownFileType = sourcecode.swift; path = DataSourceProtocols.swift; sourceTree = "<group>"; };
		F2C95DDB290C245D000E36DD /* FeedDataModel.xcdatamodel */ = {isa = PBXFileReference; lastKnownFileType = wrapper.xcdatamodel; path = FeedDataModel.xcdatamodel; sourceTree = "<group>"; };
		F2C95DDD290C2745000E36DD /* FeedItemEntity+CoreDataClass.swift */ = {isa = PBXFileReference; lastKnownFileType = sourcecode.swift; name = "FeedItemEntity+CoreDataClass.swift"; path = "Meedly/Data/Model/FeedItemEntity/FeedItemEntity+CoreDataClass.swift"; sourceTree = SOURCE_ROOT; };
		F2C95DDE290C2745000E36DD /* FeedItemEntity+CoreDataProperties.swift */ = {isa = PBXFileReference; lastKnownFileType = sourcecode.swift; name = "FeedItemEntity+CoreDataProperties.swift"; path = "Meedly/Data/Model/FeedItemEntity/FeedItemEntity+CoreDataProperties.swift"; sourceTree = SOURCE_ROOT; };
		F2C95DDF290C2745000E36DD /* FeedEntity+CoreDataClass.swift */ = {isa = PBXFileReference; lastKnownFileType = sourcecode.swift; name = "FeedEntity+CoreDataClass.swift"; path = "Meedly/Data/Model/FeedEntity/FeedEntity+CoreDataClass.swift"; sourceTree = SOURCE_ROOT; };
		F2C95DE0290C2745000E36DD /* FeedEntity+CoreDataProperties.swift */ = {isa = PBXFileReference; lastKnownFileType = sourcecode.swift; name = "FeedEntity+CoreDataProperties.swift"; path = "Meedly/Data/Model/FeedEntity/FeedEntity+CoreDataProperties.swift"; sourceTree = SOURCE_ROOT; };
		F2C95DE1290C2745000E36DD /* FeedGroupEntity+CoreDataClass.swift */ = {isa = PBXFileReference; lastKnownFileType = sourcecode.swift; name = "FeedGroupEntity+CoreDataClass.swift"; path = "Meedly/Data/Model/FeedGroupEntity/FeedGroupEntity+CoreDataClass.swift"; sourceTree = SOURCE_ROOT; };
		F2C95DE2290C2745000E36DD /* FeedGroupEntity+CoreDataProperties.swift */ = {isa = PBXFileReference; lastKnownFileType = sourcecode.swift; name = "FeedGroupEntity+CoreDataProperties.swift"; path = "Meedly/Data/Model/FeedGroupEntity/FeedGroupEntity+CoreDataProperties.swift"; sourceTree = SOURCE_ROOT; };
		F2C95DE9290C3941000E36DD /* MainVCCustomCellNoImage.swift */ = {isa = PBXFileReference; lastKnownFileType = sourcecode.swift; path = MainVCCustomCellNoImage.swift; sourceTree = "<group>"; };
		F2DC31F1290B302500071EED /* XMLParser.swift */ = {isa = PBXFileReference; lastKnownFileType = sourcecode.swift; path = XMLParser.swift; sourceTree = "<group>"; };
		F2E2D7F2290D9C720019B5F7 /* MainTableView.swift */ = {isa = PBXFileReference; lastKnownFileType = sourcecode.swift; path = MainTableView.swift; sourceTree = "<group>"; };
		F2E41FA92901C1BE00FCA844 /* GetCachedFeedGroupsUseCase.swift */ = {isa = PBXFileReference; lastKnownFileType = sourcecode.swift; path = GetCachedFeedGroupsUseCase.swift; sourceTree = "<group>"; };
		F2E41FAB2901CC1500FCA844 /* SaveNewGroupUseCase.swift */ = {isa = PBXFileReference; lastKnownFileType = sourcecode.swift; path = SaveNewGroupUseCase.swift; sourceTree = "<group>"; };
		F2E41FB129020A4700FCA844 /* SaveNewFeedUseCase.swift */ = {isa = PBXFileReference; lastKnownFileType = sourcecode.swift; path = SaveNewFeedUseCase.swift; sourceTree = "<group>"; };
		F2F1E56B2905D2AC00EE942A /* DataBaseDataSource.swift */ = {isa = PBXFileReference; lastKnownFileType = sourcecode.swift; path = DataBaseDataSource.swift; sourceTree = "<group>"; };
/* End PBXFileReference section */

/* Begin PBXFrameworksBuildPhase section */
		F2C4B9ED28F7269500359E5D /* Frameworks */ = {
			isa = PBXFrameworksBuildPhase;
			buildActionMask = 2147483647;
			files = (
				FB6529D7DD00F7C9912F780C /* Pods_Meedly.framework in Frameworks */,
			);
			runOnlyForDeploymentPostprocessing = 0;
		};
/* End PBXFrameworksBuildPhase section */

/* Begin PBXGroup section */
		BA82BC933808C5C6F11B7B63 /* Pods */ = {
			isa = PBXGroup;
			children = (
				A59E9D8226821FAFC220C145 /* Pods-Meedly.debug.xcconfig */,
				954BD52AE918519170D529BB /* Pods-Meedly.release.xcconfig */,
			);
			path = Pods;
			sourceTree = "<group>";
		};
		C39A27B31085E4A2F65A2EF6 /* Frameworks */ = {
			isa = PBXGroup;
			children = (
				DAC134E9D866701D7B3AED6C /* Pods_Meedly.framework */,
			);
			name = Frameworks;
			sourceTree = "<group>";
		};
		F2C4B9E728F7269500359E5D = {
			isa = PBXGroup;
			children = (
				F2C4B9F228F7269500359E5D /* Meedly */,
				F2C4B9F128F7269500359E5D /* Products */,
				BA82BC933808C5C6F11B7B63 /* Pods */,
				C39A27B31085E4A2F65A2EF6 /* Frameworks */,
			);
			sourceTree = "<group>";
		};
		F2C4B9F128F7269500359E5D /* Products */ = {
			isa = PBXGroup;
			children = (
				F2C4B9F028F7269500359E5D /* Meedly.app */,
			);
			name = Products;
			sourceTree = "<group>";
		};
		F2C4B9F228F7269500359E5D /* Meedly */ = {
			isa = PBXGroup;
			children = (
				F2C4BA4328F8501F00359E5D /* App */,
				F2C4BA2E28F82DB400359E5D /* UI */,
				F2C4BA2C28F82DA300359E5D /* Domain */,
				F2C4BA2D28F82DA900359E5D /* Data */,
			);
			path = Meedly;
			sourceTree = "<group>";
		};
		F2C4BA2C28F82DA300359E5D /* Domain */ = {
			isa = PBXGroup;
			children = (
				F2F1E5522905231D00EE942A /* Model */,
				F2C4BA4028F830AD00359E5D /* UseCases */,
				F2C4BA4428F85DF000359E5D /* Repository */,
			);
			path = Domain;
			sourceTree = "<group>";
		};
		F2C4BA2D28F82DA900359E5D /* Data */ = {
			isa = PBXGroup;
			children = (
				F2C4BA2F28F82DDE00359E5D /* Model */,
				F2C4BA4528F85E3D00359E5D /* Repository */,
			);
			path = Data;
			sourceTree = "<group>";
		};
		F2C4BA2E28F82DB400359E5D /* UI */ = {
			isa = PBXGroup;
			children = (
				F2C4BA4728F88B6C00359E5D /* UIElements */,
				F2C4BA4828F88B8200359E5D /* ViewControllers */,
			);
			path = UI;
			sourceTree = "<group>";
		};
		F2C4BA2F28F82DDE00359E5D /* Model */ = {
			isa = PBXGroup;
			children = (
				F2C4BA3E28F82E8200359E5D /* FeedItemEntity */,
				F2C4BA3C28F82E6100359E5D /* FeedEntity */,
				F2C4BA3D28F82E7200359E5D /* FeedGroupEntity */,
			);
			path = Model;
			sourceTree = "<group>";
		};
		F2C4BA3C28F82E6100359E5D /* FeedEntity */ = {
			isa = PBXGroup;
			children = (
				F2C95DDF290C2745000E36DD /* FeedEntity+CoreDataClass.swift */,
				F2C95DE0290C2745000E36DD /* FeedEntity+CoreDataProperties.swift */,
			);
			path = FeedEntity;
			sourceTree = "<group>";
		};
		F2C4BA3D28F82E7200359E5D /* FeedGroupEntity */ = {
			isa = PBXGroup;
			children = (
				F2C95DE1290C2745000E36DD /* FeedGroupEntity+CoreDataClass.swift */,
				F2C95DE2290C2745000E36DD /* FeedGroupEntity+CoreDataProperties.swift */,
			);
			path = FeedGroupEntity;
			sourceTree = "<group>";
		};
		F2C4BA3E28F82E8200359E5D /* FeedItemEntity */ = {
			isa = PBXGroup;
			children = (
				F2C95DDD290C2745000E36DD /* FeedItemEntity+CoreDataClass.swift */,
				F2C95DDE290C2745000E36DD /* FeedItemEntity+CoreDataProperties.swift */,
			);
			path = FeedItemEntity;
			sourceTree = "<group>";
		};
		F2C4BA4028F830AD00359E5D /* UseCases */ = {
			isa = PBXGroup;
			children = (
				F2E41FAB2901CC1500FCA844 /* SaveNewGroupUseCase.swift */,
				F2E41FB129020A4700FCA844 /* SaveNewFeedUseCase.swift */,
				F248D722290A7AFE000E8C50 /* GetLoadedFeedGroupsUseCase.swift */,
				F2E41FA92901C1BE00FCA844 /* GetCachedFeedGroupsUseCase.swift */,
			);
			path = UseCases;
			sourceTree = "<group>";
		};
		F2C4BA4328F8501F00359E5D /* App */ = {
			isa = PBXGroup;
			children = (
				F2C4BA0428F7269600359E5D /* Info.plist */,
				F2C4B9F328F7269500359E5D /* AppDelegate.swift */,
				F2C4B9F528F7269500359E5D /* SceneDelegate.swift */,
				F2256F1E290876A0003DA153 /* DIConatiner.swift */,
			);
			path = App;
			sourceTree = "<group>";
		};
		F2C4BA4428F85DF000359E5D /* Repository */ = {
			isa = PBXGroup;
			children = (
				F2C4BA5128F9596700359E5D /* FeedRepository.swift */,
			);
			path = Repository;
			sourceTree = "<group>";
		};
		F2C4BA4528F85E3D00359E5D /* Repository */ = {
			isa = PBXGroup;
			children = (
				F2C4BA6428F9BB5000359E5D /* FeedRepositoryImpl.swift */,
				F2C4BA4628F85E8A00359E5D /* DataSource */,
			);
			path = Repository;
			sourceTree = "<group>";
		};
		F2C4BA4628F85E8A00359E5D /* DataSource */ = {
			isa = PBXGroup;
			children = (
				F2C4BA7728FDAD0400359E5D /* DataSourceProtocols.swift */,
				F2C4BA6328F9BA3A00359E5D /* NetworkDataSources */,
				F2C4BA6228F9BA2A00359E5D /* DataBaseDataSource */,
			);
			path = DataSource;
			sourceTree = "<group>";
		};
		F2C4BA4728F88B6C00359E5D /* UIElements */ = {
			isa = PBXGroup;
			children = (
				F2C4B9FF28F7269600359E5D /* Assets.xcassets */,
				F2C4BA0128F7269600359E5D /* LaunchScreen.storyboard */,
				F2C4B9F928F7269500359E5D /* Main.storyboard */,
			);
			path = UIElements;
			sourceTree = "<group>";
		};
		F2C4BA4828F88B8200359E5D /* ViewControllers */ = {
			isa = PBXGroup;
			children = (
				F2C4BA4B28F8AB7600359E5D /* MainTableViewController.swift */,
				F2E2D7F2290D9C720019B5F7 /* MainTableView.swift */,
				F2C4BA4D28F8AE1C00359E5D /* AddFeedViewController.swift */,
				F265B01F290ED5F5006EA513 /* AddFeedTableView.swift */,
				F25708C9290C4A2B005FBE1D /* ItemDescripitonViewController.swift */,
				F2C4BA5328F97EE500359E5D /* TableViewCustomCells */,
			);
			path = ViewControllers;
			sourceTree = "<group>";
		};
		F2C4BA5328F97EE500359E5D /* TableViewCustomCells */ = {
			isa = PBXGroup;
			children = (
				F2C4BA5428F97F5000359E5D /* MainTVCCustomCell.swift */,
				F2C95DE9290C3941000E36DD /* MainVCCustomCellNoImage.swift */,
			);
			path = TableViewCustomCells;
			sourceTree = "<group>";
		};
		F2C4BA6228F9BA2A00359E5D /* DataBaseDataSource */ = {
			isa = PBXGroup;
			children = (
				F2F1E56B2905D2AC00EE942A /* DataBaseDataSource.swift */,
				F219374528FEFBA100AD5AF0 /* CoreDataStack.swift */,
				F2C95DDA290C245D000E36DD /* MeedlyDataModel.xcdatamodeld */,
			);
			path = DataBaseDataSource;
			sourceTree = "<group>";
		};
		F2C4BA6328F9BA3A00359E5D /* NetworkDataSources */ = {
			isa = PBXGroup;
			children = (
				F2C4BA6628F9E38A00359E5D /* NetworkDataSource.swift */,
				F2574FEE290082F800CF540C /* Connectivity.swift */,
				F2DC31F1290B302500071EED /* XMLParser.swift */,
			);
			path = NetworkDataSources;
			sourceTree = "<group>";
		};
		F2F1E5522905231D00EE942A /* Model */ = {
			isa = PBXGroup;
			children = (
				F2932B8D2906D1B300581568 /* FeedItem.swift */,
				F2929C102906E24B006B96CF /* Feed.swift */,
				F2929C122906E296006B96CF /* FeedGroup.swift */,
			);
			path = Model;
			sourceTree = "<group>";
		};
/* End PBXGroup section */

/* Begin PBXNativeTarget section */
		F2C4B9EF28F7269500359E5D /* Meedly */ = {
			isa = PBXNativeTarget;
			buildConfigurationList = F2C4BA0728F7269600359E5D /* Build configuration list for PBXNativeTarget "Meedly" */;
			buildPhases = (
				13262900F2990F22A4BB03B4 /* [CP] Check Pods Manifest.lock */,
				F2C4B9EC28F7269500359E5D /* Sources */,
				F2C4B9ED28F7269500359E5D /* Frameworks */,
				F2C4B9EE28F7269500359E5D /* Resources */,
				3471D56AFECACED79A967EAE /* [CP] Embed Pods Frameworks */,
			);
			buildRules = (
			);
			dependencies = (
			);
			name = Meedly;
			productName = Meedly;
			productReference = F2C4B9F028F7269500359E5D /* Meedly.app */;
			productType = "com.apple.product-type.application";
		};
/* End PBXNativeTarget section */

/* Begin PBXProject section */
		F2C4B9E828F7269500359E5D /* Project object */ = {
			isa = PBXProject;
			attributes = {
				BuildIndependentTargetsInParallel = 1;
				LastSwiftUpdateCheck = 1400;
				LastUpgradeCheck = 1400;
				TargetAttributes = {
					F2C4B9EF28F7269500359E5D = {
						CreatedOnToolsVersion = 14.0.1;
					};
				};
			};
			buildConfigurationList = F2C4B9EB28F7269500359E5D /* Build configuration list for PBXProject "Meedly" */;
			compatibilityVersion = "Xcode 14.0";
			developmentRegion = en;
			hasScannedForEncodings = 0;
			knownRegions = (
				en,
				Base,
			);
			mainGroup = F2C4B9E728F7269500359E5D;
			productRefGroup = F2C4B9F128F7269500359E5D /* Products */;
			projectDirPath = "";
			projectRoot = "";
			targets = (
				F2C4B9EF28F7269500359E5D /* Meedly */,
			);
		};
/* End PBXProject section */

/* Begin PBXResourcesBuildPhase section */
		F2C4B9EE28F7269500359E5D /* Resources */ = {
			isa = PBXResourcesBuildPhase;
			buildActionMask = 2147483647;
			files = (
				F2C4BA0328F7269600359E5D /* LaunchScreen.storyboard in Resources */,
				F2C4BA0028F7269600359E5D /* Assets.xcassets in Resources */,
				F2C4B9FB28F7269500359E5D /* Main.storyboard in Resources */,
			);
			runOnlyForDeploymentPostprocessing = 0;
		};
/* End PBXResourcesBuildPhase section */

/* Begin PBXShellScriptBuildPhase section */
		13262900F2990F22A4BB03B4 /* [CP] Check Pods Manifest.lock */ = {
			isa = PBXShellScriptBuildPhase;
			buildActionMask = 2147483647;
			files = (
			);
			inputFileListPaths = (
			);
			inputPaths = (
				"${PODS_PODFILE_DIR_PATH}/Podfile.lock",
				"${PODS_ROOT}/Manifest.lock",
			);
			name = "[CP] Check Pods Manifest.lock";
			outputFileListPaths = (
			);
			outputPaths = (
				"$(DERIVED_FILE_DIR)/Pods-Meedly-checkManifestLockResult.txt",
			);
			runOnlyForDeploymentPostprocessing = 0;
			shellPath = /bin/sh;
			shellScript = "diff \"${PODS_PODFILE_DIR_PATH}/Podfile.lock\" \"${PODS_ROOT}/Manifest.lock\" > /dev/null\nif [ $? != 0 ] ; then\n    # print error to STDERR\n    echo \"error: The sandbox is not in sync with the Podfile.lock. Run 'pod install' or update your CocoaPods installation.\" >&2\n    exit 1\nfi\n# This output is used by Xcode 'outputs' to avoid re-running this script phase.\necho \"SUCCESS\" > \"${SCRIPT_OUTPUT_FILE_0}\"\n";
			showEnvVarsInLog = 0;
		};
		3471D56AFECACED79A967EAE /* [CP] Embed Pods Frameworks */ = {
			isa = PBXShellScriptBuildPhase;
			buildActionMask = 2147483647;
			files = (
			);
			inputFileListPaths = (
				"${PODS_ROOT}/Target Support Files/Pods-Meedly/Pods-Meedly-frameworks-${CONFIGURATION}-input-files.xcfilelist",
			);
			name = "[CP] Embed Pods Frameworks";
			outputFileListPaths = (
				"${PODS_ROOT}/Target Support Files/Pods-Meedly/Pods-Meedly-frameworks-${CONFIGURATION}-output-files.xcfilelist",
			);
			runOnlyForDeploymentPostprocessing = 0;
			shellPath = /bin/sh;
			shellScript = "\"${PODS_ROOT}/Target Support Files/Pods-Meedly/Pods-Meedly-frameworks.sh\"\n";
			showEnvVarsInLog = 0;
		};
/* End PBXShellScriptBuildPhase section */

/* Begin PBXSourcesBuildPhase section */
		F2C4B9EC28F7269500359E5D /* Sources */ = {
			isa = PBXSourcesBuildPhase;
			buildActionMask = 2147483647;
			files = (
				F2DC31F2290B302500071EED /* XMLParser.swift in Sources */,
				F2C4BA4C28F8AB7600359E5D /* MainTableViewController.swift in Sources */,
				F2929C112906E24B006B96CF /* Feed.swift in Sources */,
				F2929C132906E296006B96CF /* FeedGroup.swift in Sources */,
				F2C95DE5290C2745000E36DD /* FeedEntity+CoreDataClass.swift in Sources */,
				F265B020290ED5F5006EA513 /* AddFeedTableView.swift in Sources */,
				F2C4BA5528F97F5000359E5D /* MainTVCCustomCell.swift in Sources */,
				F25708CA290C4A2B005FBE1D /* ItemDescripitonViewController.swift in Sources */,
				F2C4BA7828FDAD0400359E5D /* DataSourceProtocols.swift in Sources */,
				F2C4BA4E28F8AE1C00359E5D /* AddFeedViewController.swift in Sources */,
				F2C95DDC290C245D000E36DD /* MeedlyDataModel.xcdatamodeld in Sources */,
				F2932B8E2906D1B300581568 /* FeedItem.swift in Sources */,
				F2256F1F290876A0003DA153 /* DIConatiner.swift in Sources */,
				F2C4B9F428F7269500359E5D /* AppDelegate.swift in Sources */,
				F2C4BA6728F9E38A00359E5D /* NetworkDataSource.swift in Sources */,
				F2C95DE8290C2745000E36DD /* FeedGroupEntity+CoreDataProperties.swift in Sources */,
				F2E2D7F3290D9C720019B5F7 /* MainTableView.swift in Sources */,
				F219374628FEFBA100AD5AF0 /* CoreDataStack.swift in Sources */,
				F2E41FAC2901CC1500FCA844 /* SaveNewGroupUseCase.swift in Sources */,
				F2C95DE3290C2745000E36DD /* FeedItemEntity+CoreDataClass.swift in Sources */,
				F2C95DE4290C2745000E36DD /* FeedItemEntity+CoreDataProperties.swift in Sources */,
				F2C4BA6528F9BB5000359E5D /* FeedRepositoryImpl.swift in Sources */,
				F2C95DEA290C3941000E36DD /* MainVCCustomCellNoImage.swift in Sources */,
				F2C4B9F628F7269500359E5D /* SceneDelegate.swift in Sources */,
				F2E41FAA2901C1BE00FCA844 /* GetCachedFeedGroupsUseCase.swift in Sources */,
				F248D723290A7AFE000E8C50 /* GetLoadedFeedGroupsUseCase.swift in Sources */,
				F2574FEF290082F800CF540C /* Connectivity.swift in Sources */,
				F2C95DE6290C2745000E36DD /* FeedEntity+CoreDataProperties.swift in Sources */,
				F2E41FB229020A4700FCA844 /* SaveNewFeedUseCase.swift in Sources */,
				F2C4BA5228F9596700359E5D /* FeedRepository.swift in Sources */,
				F2C95DE7290C2745000E36DD /* FeedGroupEntity+CoreDataClass.swift in Sources */,
				F2F1E56C2905D2AC00EE942A /* DataBaseDataSource.swift in Sources */,
			);
			runOnlyForDeploymentPostprocessing = 0;
		};
/* End PBXSourcesBuildPhase section */

/* Begin PBXVariantGroup section */
		F2C4B9F928F7269500359E5D /* Main.storyboard */ = {
			isa = PBXVariantGroup;
			children = (
				F2C4B9FA28F7269500359E5D /* Base */,
			);
			name = Main.storyboard;
			sourceTree = "<group>";
		};
		F2C4BA0128F7269600359E5D /* LaunchScreen.storyboard */ = {
			isa = PBXVariantGroup;
			children = (
				F2C4BA0228F7269600359E5D /* Base */,
			);
			name = LaunchScreen.storyboard;
			sourceTree = "<group>";
		};
/* End PBXVariantGroup section */

/* Begin XCBuildConfiguration section */
		F2C4BA0528F7269600359E5D /* Debug */ = {
			isa = XCBuildConfiguration;
			buildSettings = {
				ALWAYS_SEARCH_USER_PATHS = NO;
				CLANG_ANALYZER_NONNULL = YES;
				CLANG_ANALYZER_NUMBER_OBJECT_CONVERSION = YES_AGGRESSIVE;
				CLANG_CXX_LANGUAGE_STANDARD = "gnu++20";
				CLANG_ENABLE_MODULES = YES;
				CLANG_ENABLE_OBJC_ARC = YES;
				CLANG_ENABLE_OBJC_WEAK = YES;
				CLANG_WARN_BLOCK_CAPTURE_AUTORELEASING = YES;
				CLANG_WARN_BOOL_CONVERSION = YES;
				CLANG_WARN_COMMA = YES;
				CLANG_WARN_CONSTANT_CONVERSION = YES;
				CLANG_WARN_DEPRECATED_OBJC_IMPLEMENTATIONS = YES;
				CLANG_WARN_DIRECT_OBJC_ISA_USAGE = YES_ERROR;
				CLANG_WARN_DOCUMENTATION_COMMENTS = YES;
				CLANG_WARN_EMPTY_BODY = YES;
				CLANG_WARN_ENUM_CONVERSION = YES;
				CLANG_WARN_INFINITE_RECURSION = YES;
				CLANG_WARN_INT_CONVERSION = YES;
				CLANG_WARN_NON_LITERAL_NULL_CONVERSION = YES;
				CLANG_WARN_OBJC_IMPLICIT_RETAIN_SELF = YES;
				CLANG_WARN_OBJC_LITERAL_CONVERSION = YES;
				CLANG_WARN_OBJC_ROOT_CLASS = YES_ERROR;
				CLANG_WARN_QUOTED_INCLUDE_IN_FRAMEWORK_HEADER = YES;
				CLANG_WARN_RANGE_LOOP_ANALYSIS = YES;
				CLANG_WARN_STRICT_PROTOTYPES = YES;
				CLANG_WARN_SUSPICIOUS_MOVE = YES;
				CLANG_WARN_UNGUARDED_AVAILABILITY = YES_AGGRESSIVE;
				CLANG_WARN_UNREACHABLE_CODE = YES;
				CLANG_WARN__DUPLICATE_METHOD_MATCH = YES;
				COPY_PHASE_STRIP = NO;
				DEBUG_INFORMATION_FORMAT = dwarf;
				ENABLE_STRICT_OBJC_MSGSEND = YES;
				ENABLE_TESTABILITY = YES;
				GCC_C_LANGUAGE_STANDARD = gnu11;
				GCC_DYNAMIC_NO_PIC = NO;
				GCC_NO_COMMON_BLOCKS = YES;
				GCC_OPTIMIZATION_LEVEL = 0;
				GCC_PREPROCESSOR_DEFINITIONS = (
					"DEBUG=1",
					"$(inherited)",
				);
				GCC_WARN_64_TO_32_BIT_CONVERSION = YES;
				GCC_WARN_ABOUT_RETURN_TYPE = YES_ERROR;
				GCC_WARN_UNDECLARED_SELECTOR = YES;
				GCC_WARN_UNINITIALIZED_AUTOS = YES_AGGRESSIVE;
				GCC_WARN_UNUSED_FUNCTION = YES;
				GCC_WARN_UNUSED_VARIABLE = YES;
				IPHONEOS_DEPLOYMENT_TARGET = 16.0;
				MTL_ENABLE_DEBUG_INFO = INCLUDE_SOURCE;
				MTL_FAST_MATH = YES;
				ONLY_ACTIVE_ARCH = YES;
				SDKROOT = iphoneos;
				SWIFT_ACTIVE_COMPILATION_CONDITIONS = DEBUG;
				SWIFT_OPTIMIZATION_LEVEL = "-Onone";
			};
			name = Debug;
		};
		F2C4BA0628F7269600359E5D /* Release */ = {
			isa = XCBuildConfiguration;
			buildSettings = {
				ALWAYS_SEARCH_USER_PATHS = NO;
				CLANG_ANALYZER_NONNULL = YES;
				CLANG_ANALYZER_NUMBER_OBJECT_CONVERSION = YES_AGGRESSIVE;
				CLANG_CXX_LANGUAGE_STANDARD = "gnu++20";
				CLANG_ENABLE_MODULES = YES;
				CLANG_ENABLE_OBJC_ARC = YES;
				CLANG_ENABLE_OBJC_WEAK = YES;
				CLANG_WARN_BLOCK_CAPTURE_AUTORELEASING = YES;
				CLANG_WARN_BOOL_CONVERSION = YES;
				CLANG_WARN_COMMA = YES;
				CLANG_WARN_CONSTANT_CONVERSION = YES;
				CLANG_WARN_DEPRECATED_OBJC_IMPLEMENTATIONS = YES;
				CLANG_WARN_DIRECT_OBJC_ISA_USAGE = YES_ERROR;
				CLANG_WARN_DOCUMENTATION_COMMENTS = YES;
				CLANG_WARN_EMPTY_BODY = YES;
				CLANG_WARN_ENUM_CONVERSION = YES;
				CLANG_WARN_INFINITE_RECURSION = YES;
				CLANG_WARN_INT_CONVERSION = YES;
				CLANG_WARN_NON_LITERAL_NULL_CONVERSION = YES;
				CLANG_WARN_OBJC_IMPLICIT_RETAIN_SELF = YES;
				CLANG_WARN_OBJC_LITERAL_CONVERSION = YES;
				CLANG_WARN_OBJC_ROOT_CLASS = YES_ERROR;
				CLANG_WARN_QUOTED_INCLUDE_IN_FRAMEWORK_HEADER = YES;
				CLANG_WARN_RANGE_LOOP_ANALYSIS = YES;
				CLANG_WARN_STRICT_PROTOTYPES = YES;
				CLANG_WARN_SUSPICIOUS_MOVE = YES;
				CLANG_WARN_UNGUARDED_AVAILABILITY = YES_AGGRESSIVE;
				CLANG_WARN_UNREACHABLE_CODE = YES;
				CLANG_WARN__DUPLICATE_METHOD_MATCH = YES;
				COPY_PHASE_STRIP = NO;
				DEBUG_INFORMATION_FORMAT = "dwarf-with-dsym";
				ENABLE_NS_ASSERTIONS = NO;
				ENABLE_STRICT_OBJC_MSGSEND = YES;
				GCC_C_LANGUAGE_STANDARD = gnu11;
				GCC_NO_COMMON_BLOCKS = YES;
				GCC_WARN_64_TO_32_BIT_CONVERSION = YES;
				GCC_WARN_ABOUT_RETURN_TYPE = YES_ERROR;
				GCC_WARN_UNDECLARED_SELECTOR = YES;
				GCC_WARN_UNINITIALIZED_AUTOS = YES_AGGRESSIVE;
				GCC_WARN_UNUSED_FUNCTION = YES;
				GCC_WARN_UNUSED_VARIABLE = YES;
				IPHONEOS_DEPLOYMENT_TARGET = 16.0;
				MTL_ENABLE_DEBUG_INFO = NO;
				MTL_FAST_MATH = YES;
				SDKROOT = iphoneos;
				SWIFT_COMPILATION_MODE = wholemodule;
				SWIFT_OPTIMIZATION_LEVEL = "-O";
				VALIDATE_PRODUCT = YES;
			};
			name = Release;
		};
		F2C4BA0828F7269600359E5D /* Debug */ = {
			isa = XCBuildConfiguration;
			baseConfigurationReference = A59E9D8226821FAFC220C145 /* Pods-Meedly.debug.xcconfig */;
			buildSettings = {
				ASSETCATALOG_COMPILER_APPICON_NAME = AppIcon;
				ASSETCATALOG_COMPILER_GLOBAL_ACCENT_COLOR_NAME = AccentColor;
				CODE_SIGN_STYLE = Automatic;
				CURRENT_PROJECT_VERSION = 1;
				GENERATE_INFOPLIST_FILE = YES;
				INFOPLIST_FILE = Meedly/App/Info.plist;
				INFOPLIST_KEY_UIApplicationSupportsIndirectInputEvents = YES;
				INFOPLIST_KEY_UILaunchStoryboardName = LaunchScreen;
				INFOPLIST_KEY_UIMainStoryboardFile = Main;
				INFOPLIST_KEY_UISupportedInterfaceOrientations_iPad = "UIInterfaceOrientationPortrait UIInterfaceOrientationPortraitUpsideDown UIInterfaceOrientationLandscapeLeft UIInterfaceOrientationLandscapeRight";
				INFOPLIST_KEY_UISupportedInterfaceOrientations_iPhone = "UIInterfaceOrientationPortrait UIInterfaceOrientationLandscapeLeft UIInterfaceOrientationLandscapeRight";
				LD_RUNPATH_SEARCH_PATHS = (
					"$(inherited)",
					"@executable_path/Frameworks",
				);
				MARKETING_VERSION = 1.0;
				PRODUCT_BUNDLE_IDENTIFIER = illia.Meedly;
				PRODUCT_NAME = "$(TARGET_NAME)";
				SWIFT_EMIT_LOC_STRINGS = YES;
				SWIFT_VERSION = 5.0;
				TARGETED_DEVICE_FAMILY = "1,2";
			};
			name = Debug;
		};
		F2C4BA0928F7269600359E5D /* Release */ = {
			isa = XCBuildConfiguration;
			baseConfigurationReference = 954BD52AE918519170D529BB /* Pods-Meedly.release.xcconfig */;
			buildSettings = {
				ASSETCATALOG_COMPILER_APPICON_NAME = AppIcon;
				ASSETCATALOG_COMPILER_GLOBAL_ACCENT_COLOR_NAME = AccentColor;
				CODE_SIGN_STYLE = Automatic;
				CURRENT_PROJECT_VERSION = 1;
				GENERATE_INFOPLIST_FILE = YES;
				INFOPLIST_FILE = Meedly/App/Info.plist;
				INFOPLIST_KEY_UIApplicationSupportsIndirectInputEvents = YES;
				INFOPLIST_KEY_UILaunchStoryboardName = LaunchScreen;
				INFOPLIST_KEY_UIMainStoryboardFile = Main;
				INFOPLIST_KEY_UISupportedInterfaceOrientations_iPad = "UIInterfaceOrientationPortrait UIInterfaceOrientationPortraitUpsideDown UIInterfaceOrientationLandscapeLeft UIInterfaceOrientationLandscapeRight";
				INFOPLIST_KEY_UISupportedInterfaceOrientations_iPhone = "UIInterfaceOrientationPortrait UIInterfaceOrientationLandscapeLeft UIInterfaceOrientationLandscapeRight";
				LD_RUNPATH_SEARCH_PATHS = (
					"$(inherited)",
					"@executable_path/Frameworks",
				);
				MARKETING_VERSION = 1.0;
				PRODUCT_BUNDLE_IDENTIFIER = illia.Meedly;
				PRODUCT_NAME = "$(TARGET_NAME)";
				SWIFT_EMIT_LOC_STRINGS = YES;
				SWIFT_VERSION = 5.0;
				TARGETED_DEVICE_FAMILY = "1,2";
			};
			name = Release;
		};
/* End XCBuildConfiguration section */

/* Begin XCConfigurationList section */
		F2C4B9EB28F7269500359E5D /* Build configuration list for PBXProject "Meedly" */ = {
			isa = XCConfigurationList;
			buildConfigurations = (
				F2C4BA0528F7269600359E5D /* Debug */,
				F2C4BA0628F7269600359E5D /* Release */,
			);
			defaultConfigurationIsVisible = 0;
			defaultConfigurationName = Release;
		};
		F2C4BA0728F7269600359E5D /* Build configuration list for PBXNativeTarget "Meedly" */ = {
			isa = XCConfigurationList;
			buildConfigurations = (
				F2C4BA0828F7269600359E5D /* Debug */,
				F2C4BA0928F7269600359E5D /* Release */,
			);
			defaultConfigurationIsVisible = 0;
			defaultConfigurationName = Release;
		};
/* End XCConfigurationList section */

/* Begin XCVersionGroup section */
		F2C95DDA290C245D000E36DD /* MeedlyDataModel.xcdatamodeld */ = {
			isa = XCVersionGroup;
			children = (
				F2C95DDB290C245D000E36DD /* FeedDataModel.xcdatamodel */,
			);
			currentVersion = F2C95DDB290C245D000E36DD /* FeedDataModel.xcdatamodel */;
			path = MeedlyDataModel.xcdatamodeld;
			sourceTree = "<group>";
			versionGroupType = wrapper.xcdatamodel;
		};
/* End XCVersionGroup section */
	};
	rootObject = F2C4B9E828F7269500359E5D /* Project object */;
}
