// !$*UTF8*$!
{
	archiveVersion = 1;
	classes = {
	};
	objectVersion = 56;
	objects = {

/* Begin PBXBuildFile section */
		6E4A1BB02F84B84571F55F17 /* Pods_Meedly.framework in Frameworks */ = {isa = PBXBuildFile; fileRef = C93F3276B4A8D7FC09E2DBAE /* Pods_Meedly.framework */; };
		F217ADB9292FEBD300289495 /* SideBarCell.swift in Sources */ = {isa = PBXBuildFile; fileRef = F217ADB8292FEBD300289495 /* SideBarCell.swift */; };
		F217ADBC292FEC6A00289495 /* DataModelFeedly.xcdatamodeld in Sources */ = {isa = PBXBuildFile; fileRef = F217ADBA292FEC6A00289495 /* DataModelFeedly.xcdatamodeld */; };
		F217ADBE2930A98200289495 /* MarkAsReadUseCase.swift in Sources */ = {isa = PBXBuildFile; fileRef = F217ADBD2930A98200289495 /* MarkAsReadUseCase.swift */; };
		F217ADC02930AB4300289495 /* UIConstants.swift in Sources */ = {isa = PBXBuildFile; fileRef = F217ADBF2930AB4300289495 /* UIConstants.swift */; };
		F219374628FEFBA100AD5AF0 /* CoreDataManager.swift in Sources */ = {isa = PBXBuildFile; fileRef = F219374528FEFBA100AD5AF0 /* CoreDataManager.swift */; };
		F21D0231292D1B7D0060B18C /* AddFeedViewController.swift in Sources */ = {isa = PBXBuildFile; fileRef = F21D0230292D1B7C0060B18C /* AddFeedViewController.swift */; };
		F2256F1F290876A0003DA153 /* DIConatiner.swift in Sources */ = {isa = PBXBuildFile; fileRef = F2256F1E290876A0003DA153 /* DIConatiner.swift */; };
		F2347487290FAEF60027C0A2 /* Extensions.swift in Sources */ = {isa = PBXBuildFile; fileRef = F2347486290FAEF60027C0A2 /* Extensions.swift */; };
		F27C46C1292C0D1E00A93D43 /* MainViewController.swift in Sources */ = {isa = PBXBuildFile; fileRef = F27C46C0292C0D1E00A93D43 /* MainViewController.swift */; };
		F2929C112906E24B006B96CF /* Feed.swift in Sources */ = {isa = PBXBuildFile; fileRef = F2929C102906E24B006B96CF /* Feed.swift */; };
		F2932B8E2906D1B300581568 /* FeedItem.swift in Sources */ = {isa = PBXBuildFile; fileRef = F2932B8D2906D1B300581568 /* FeedItem.swift */; };
		F2969B29292DFC92006E0B2B /* SideBarViewController.swift in Sources */ = {isa = PBXBuildFile; fileRef = F2969B28292DFC92006E0B2B /* SideBarViewController.swift */; };
		F2985526292E4EAC006C04E5 /* MainCell.swift in Sources */ = {isa = PBXBuildFile; fileRef = F2985525292E4EAC006C04E5 /* MainCell.swift */; };
		F2985529292E5921006C04E5 /* DescriptionViewController.swift in Sources */ = {isa = PBXBuildFile; fileRef = F2985528292E5921006C04E5 /* DescriptionViewController.swift */; };
		F298552C292E6BDE006C04E5 /* AddFeedPresenter.swift in Sources */ = {isa = PBXBuildFile; fileRef = F298552B292E6BDE006C04E5 /* AddFeedPresenter.swift */; };
		F298552E292E6BED006C04E5 /* MainPresenter.swift in Sources */ = {isa = PBXBuildFile; fileRef = F298552D292E6BED006C04E5 /* MainPresenter.swift */; };
		F2985530292E6BF8006C04E5 /* SIdeBarPresenter.swift in Sources */ = {isa = PBXBuildFile; fileRef = F298552F292E6BF8006C04E5 /* SIdeBarPresenter.swift */; };
		F2985533292E6C18006C04E5 /* DescriptionPresenter.swift in Sources */ = {isa = PBXBuildFile; fileRef = F2985532292E6C18006C04E5 /* DescriptionPresenter.swift */; };
		F2985535292E6CF7006C04E5 /* Router.swift in Sources */ = {isa = PBXBuildFile; fileRef = F2985534292E6CF7006C04E5 /* Router.swift */; };
		F2985539292E7671006C04E5 /* AddFeedCell.swift in Sources */ = {isa = PBXBuildFile; fileRef = F2985538292E7671006C04E5 /* AddFeedCell.swift */; };
		F2AC3A4F292790AE00F0EC5A /* AdjustIsLikedStateUseCase.swift in Sources */ = {isa = PBXBuildFile; fileRef = F2AC3A4E292790AE00F0EC5A /* AdjustIsLikedStateUseCase.swift */; };
		F2AC3A512928449500F0EC5A /* XMLDataParser.swift in Sources */ = {isa = PBXBuildFile; fileRef = F2AC3A502928449500F0EC5A /* XMLDataParser.swift */; };
		F2B9BC03292403DF00BB0E47 /* Constants.swift in Sources */ = {isa = PBXBuildFile; fileRef = F2B9BC02292403DF00BB0E47 /* Constants.swift */; };
		F2B9BC0B292415E400BB0E47 /* FeedEntity+CoreDataClass.swift in Sources */ = {isa = PBXBuildFile; fileRef = F2B9BC07292415E400BB0E47 /* FeedEntity+CoreDataClass.swift */; };
		F2B9BC0C292415E400BB0E47 /* FeedEntity+CoreDataProperties.swift in Sources */ = {isa = PBXBuildFile; fileRef = F2B9BC08292415E400BB0E47 /* FeedEntity+CoreDataProperties.swift */; };
		F2B9BC0D292415E400BB0E47 /* FeedItemEntity+CoreDataClass.swift in Sources */ = {isa = PBXBuildFile; fileRef = F2B9BC09292415E400BB0E47 /* FeedItemEntity+CoreDataClass.swift */; };
		F2B9BC0E292415E400BB0E47 /* FeedItemEntity+CoreDataProperties.swift in Sources */ = {isa = PBXBuildFile; fileRef = F2B9BC0A292415E400BB0E47 /* FeedItemEntity+CoreDataProperties.swift */; };
		F2B9BC1029241D9800BB0E47 /* GetItemsUseCase.swift in Sources */ = {isa = PBXBuildFile; fileRef = F2B9BC0F29241D9800BB0E47 /* GetItemsUseCase.swift */; };
		F2B9BC1229241DB500BB0E47 /* GetFeedsUseCase.swift in Sources */ = {isa = PBXBuildFile; fileRef = F2B9BC1129241DB500BB0E47 /* GetFeedsUseCase.swift */; };
		F2C4B9F428F7269500359E5D /* AppDelegate.swift in Sources */ = {isa = PBXBuildFile; fileRef = F2C4B9F328F7269500359E5D /* AppDelegate.swift */; };
		F2C4B9F628F7269500359E5D /* SceneDelegate.swift in Sources */ = {isa = PBXBuildFile; fileRef = F2C4B9F528F7269500359E5D /* SceneDelegate.swift */; };
		F2C4BA0028F7269600359E5D /* Assets.xcassets in Resources */ = {isa = PBXBuildFile; fileRef = F2C4B9FF28F7269600359E5D /* Assets.xcassets */; };
		F2C4BA0328F7269600359E5D /* LaunchScreen.storyboard in Resources */ = {isa = PBXBuildFile; fileRef = F2C4BA0128F7269600359E5D /* LaunchScreen.storyboard */; };
		F2C4BA5228F9596700359E5D /* FeedRepository.swift in Sources */ = {isa = PBXBuildFile; fileRef = F2C4BA5128F9596700359E5D /* FeedRepository.swift */; };
		F2C4BA6528F9BB5000359E5D /* FeedRepositoryImpl.swift in Sources */ = {isa = PBXBuildFile; fileRef = F2C4BA6428F9BB5000359E5D /* FeedRepositoryImpl.swift */; };
		F2C4BA6728F9E38A00359E5D /* NetworkDataSource.swift in Sources */ = {isa = PBXBuildFile; fileRef = F2C4BA6628F9E38A00359E5D /* NetworkDataSource.swift */; };
		F2CD63DA291BB906003B48BD /* AdjustIsReadStateUseCase.swift in Sources */ = {isa = PBXBuildFile; fileRef = F2CD63D9291BB905003B48BD /* AdjustIsReadStateUseCase.swift */; };
		F2CD63DC291C269D003B48BD /* DeleteGroupUseCase.swift in Sources */ = {isa = PBXBuildFile; fileRef = F2CD63DB291C269D003B48BD /* DeleteGroupUseCase.swift */; };
		F2CD63DE291C26B0003B48BD /* DeleteFeedUseCase.swift in Sources */ = {isa = PBXBuildFile; fileRef = F2CD63DD291C26B0003B48BD /* DeleteFeedUseCase.swift */; };
		F2E41FB229020A4700FCA844 /* SaveNewFeedUseCase.swift in Sources */ = {isa = PBXBuildFile; fileRef = F2E41FB129020A4700FCA844 /* SaveNewFeedUseCase.swift */; };
		F2F1E56C2905D2AC00EE942A /* DataBaseDataSource.swift in Sources */ = {isa = PBXBuildFile; fileRef = F2F1E56B2905D2AC00EE942A /* DataBaseDataSource.swift */; };
/* End PBXBuildFile section */

/* Begin PBXFileReference section */
		4A12E61E65AE2C583E7CDE90 /* Pods-Meedly.release.xcconfig */ = {isa = PBXFileReference; includeInIndex = 1; lastKnownFileType = text.xcconfig; name = "Pods-Meedly.release.xcconfig"; path = "Target Support Files/Pods-Meedly/Pods-Meedly.release.xcconfig"; sourceTree = "<group>"; };
		70C46748FC7A5FFF55C2D6A0 /* Pods-Meedly.debug.xcconfig */ = {isa = PBXFileReference; includeInIndex = 1; lastKnownFileType = text.xcconfig; name = "Pods-Meedly.debug.xcconfig"; path = "Target Support Files/Pods-Meedly/Pods-Meedly.debug.xcconfig"; sourceTree = "<group>"; };
		C93F3276B4A8D7FC09E2DBAE /* Pods_Meedly.framework */ = {isa = PBXFileReference; explicitFileType = wrapper.framework; includeInIndex = 0; path = Pods_Meedly.framework; sourceTree = BUILT_PRODUCTS_DIR; };
		F217ADB8292FEBD300289495 /* SideBarCell.swift */ = {isa = PBXFileReference; lastKnownFileType = sourcecode.swift; path = SideBarCell.swift; sourceTree = "<group>"; };
		F217ADBB292FEC6A00289495 /* DataModelFeedly.xcdatamodel */ = {isa = PBXFileReference; lastKnownFileType = wrapper.xcdatamodel; path = DataModelFeedly.xcdatamodel; sourceTree = "<group>"; };
		F217ADBD2930A98200289495 /* MarkAsReadUseCase.swift */ = {isa = PBXFileReference; lastKnownFileType = sourcecode.swift; path = MarkAsReadUseCase.swift; sourceTree = "<group>"; };
		F217ADBF2930AB4300289495 /* UIConstants.swift */ = {isa = PBXFileReference; lastKnownFileType = sourcecode.swift; path = UIConstants.swift; sourceTree = "<group>"; };
		F219374528FEFBA100AD5AF0 /* CoreDataManager.swift */ = {isa = PBXFileReference; lastKnownFileType = sourcecode.swift; path = CoreDataManager.swift; sourceTree = "<group>"; };
		F21D0230292D1B7C0060B18C /* AddFeedViewController.swift */ = {isa = PBXFileReference; lastKnownFileType = sourcecode.swift; path = AddFeedViewController.swift; sourceTree = "<group>"; };
		F2256F1E290876A0003DA153 /* DIConatiner.swift */ = {isa = PBXFileReference; lastKnownFileType = sourcecode.swift; path = DIConatiner.swift; sourceTree = "<group>"; };
		F2347486290FAEF60027C0A2 /* Extensions.swift */ = {isa = PBXFileReference; lastKnownFileType = sourcecode.swift; path = Extensions.swift; sourceTree = "<group>"; };
		F27C46C0292C0D1E00A93D43 /* MainViewController.swift */ = {isa = PBXFileReference; lastKnownFileType = sourcecode.swift; path = MainViewController.swift; sourceTree = "<group>"; };
		F2929C102906E24B006B96CF /* Feed.swift */ = {isa = PBXFileReference; lastKnownFileType = sourcecode.swift; path = Feed.swift; sourceTree = "<group>"; };
		F2932B8D2906D1B300581568 /* FeedItem.swift */ = {isa = PBXFileReference; lastKnownFileType = sourcecode.swift; path = FeedItem.swift; sourceTree = "<group>"; };
		F2969B28292DFC92006E0B2B /* SideBarViewController.swift */ = {isa = PBXFileReference; lastKnownFileType = sourcecode.swift; path = SideBarViewController.swift; sourceTree = "<group>"; };
		F2985525292E4EAC006C04E5 /* MainCell.swift */ = {isa = PBXFileReference; fileEncoding = 4; lastKnownFileType = sourcecode.swift; path = MainCell.swift; sourceTree = "<group>"; };
		F2985528292E5921006C04E5 /* DescriptionViewController.swift */ = {isa = PBXFileReference; lastKnownFileType = sourcecode.swift; path = DescriptionViewController.swift; sourceTree = "<group>"; };
		F298552B292E6BDE006C04E5 /* AddFeedPresenter.swift */ = {isa = PBXFileReference; lastKnownFileType = sourcecode.swift; path = AddFeedPresenter.swift; sourceTree = "<group>"; };
		F298552D292E6BED006C04E5 /* MainPresenter.swift */ = {isa = PBXFileReference; lastKnownFileType = sourcecode.swift; path = MainPresenter.swift; sourceTree = "<group>"; };
		F298552F292E6BF8006C04E5 /* SIdeBarPresenter.swift */ = {isa = PBXFileReference; lastKnownFileType = sourcecode.swift; path = SIdeBarPresenter.swift; sourceTree = "<group>"; };
		F2985532292E6C18006C04E5 /* DescriptionPresenter.swift */ = {isa = PBXFileReference; lastKnownFileType = sourcecode.swift; path = DescriptionPresenter.swift; sourceTree = "<group>"; };
		F2985534292E6CF7006C04E5 /* Router.swift */ = {isa = PBXFileReference; lastKnownFileType = sourcecode.swift; path = Router.swift; sourceTree = "<group>"; };
		F2985538292E7671006C04E5 /* AddFeedCell.swift */ = {isa = PBXFileReference; lastKnownFileType = sourcecode.swift; path = AddFeedCell.swift; sourceTree = "<group>"; };
		F2AC3A4E292790AE00F0EC5A /* AdjustIsLikedStateUseCase.swift */ = {isa = PBXFileReference; lastKnownFileType = sourcecode.swift; path = AdjustIsLikedStateUseCase.swift; sourceTree = "<group>"; };
		F2AC3A502928449500F0EC5A /* XMLDataParser.swift */ = {isa = PBXFileReference; lastKnownFileType = sourcecode.swift; path = XMLDataParser.swift; sourceTree = "<group>"; };
		F2B9BC02292403DF00BB0E47 /* Constants.swift */ = {isa = PBXFileReference; lastKnownFileType = sourcecode.swift; path = Constants.swift; sourceTree = "<group>"; };
		F2B9BC07292415E400BB0E47 /* FeedEntity+CoreDataClass.swift */ = {isa = PBXFileReference; lastKnownFileType = sourcecode.swift; name = "FeedEntity+CoreDataClass.swift"; path = "Meedly/Data/Model/FeedEntity/FeedEntity+CoreDataClass.swift"; sourceTree = SOURCE_ROOT; };
		F2B9BC08292415E400BB0E47 /* FeedEntity+CoreDataProperties.swift */ = {isa = PBXFileReference; lastKnownFileType = sourcecode.swift; name = "FeedEntity+CoreDataProperties.swift"; path = "Meedly/Data/Model/FeedEntity/FeedEntity+CoreDataProperties.swift"; sourceTree = SOURCE_ROOT; };
		F2B9BC09292415E400BB0E47 /* FeedItemEntity+CoreDataClass.swift */ = {isa = PBXFileReference; lastKnownFileType = sourcecode.swift; name = "FeedItemEntity+CoreDataClass.swift"; path = "Meedly/Data/Model/FeedItemEntity/FeedItemEntity+CoreDataClass.swift"; sourceTree = SOURCE_ROOT; };
		F2B9BC0A292415E400BB0E47 /* FeedItemEntity+CoreDataProperties.swift */ = {isa = PBXFileReference; lastKnownFileType = sourcecode.swift; name = "FeedItemEntity+CoreDataProperties.swift"; path = "Meedly/Data/Model/FeedItemEntity/FeedItemEntity+CoreDataProperties.swift"; sourceTree = SOURCE_ROOT; };
		F2B9BC0F29241D9800BB0E47 /* GetItemsUseCase.swift */ = {isa = PBXFileReference; lastKnownFileType = sourcecode.swift; path = GetItemsUseCase.swift; sourceTree = "<group>"; };
		F2B9BC1129241DB500BB0E47 /* GetFeedsUseCase.swift */ = {isa = PBXFileReference; lastKnownFileType = sourcecode.swift; path = GetFeedsUseCase.swift; sourceTree = "<group>"; };
		F2C4B9F028F7269500359E5D /* Meedly.app */ = {isa = PBXFileReference; explicitFileType = wrapper.application; includeInIndex = 0; path = Meedly.app; sourceTree = BUILT_PRODUCTS_DIR; };
		F2C4B9F328F7269500359E5D /* AppDelegate.swift */ = {isa = PBXFileReference; lastKnownFileType = sourcecode.swift; path = AppDelegate.swift; sourceTree = "<group>"; };
		F2C4B9F528F7269500359E5D /* SceneDelegate.swift */ = {isa = PBXFileReference; lastKnownFileType = sourcecode.swift; path = SceneDelegate.swift; sourceTree = "<group>"; };
		F2C4B9FF28F7269600359E5D /* Assets.xcassets */ = {isa = PBXFileReference; lastKnownFileType = folder.assetcatalog; path = Assets.xcassets; sourceTree = "<group>"; };
		F2C4BA0228F7269600359E5D /* Base */ = {isa = PBXFileReference; lastKnownFileType = file.storyboard; name = Base; path = Base.lproj/LaunchScreen.storyboard; sourceTree = "<group>"; };
		F2C4BA0428F7269600359E5D /* Info.plist */ = {isa = PBXFileReference; lastKnownFileType = text.plist.xml; path = Info.plist; sourceTree = "<group>"; };
		F2C4BA5128F9596700359E5D /* FeedRepository.swift */ = {isa = PBXFileReference; lastKnownFileType = sourcecode.swift; path = FeedRepository.swift; sourceTree = "<group>"; };
		F2C4BA6428F9BB5000359E5D /* FeedRepositoryImpl.swift */ = {isa = PBXFileReference; lastKnownFileType = sourcecode.swift; path = FeedRepositoryImpl.swift; sourceTree = "<group>"; };
		F2C4BA6628F9E38A00359E5D /* NetworkDataSource.swift */ = {isa = PBXFileReference; lastKnownFileType = sourcecode.swift; path = NetworkDataSource.swift; sourceTree = "<group>"; };
		F2CD63D9291BB905003B48BD /* AdjustIsReadStateUseCase.swift */ = {isa = PBXFileReference; lastKnownFileType = sourcecode.swift; path = AdjustIsReadStateUseCase.swift; sourceTree = "<group>"; };
		F2CD63DB291C269D003B48BD /* DeleteGroupUseCase.swift */ = {isa = PBXFileReference; lastKnownFileType = sourcecode.swift; path = DeleteGroupUseCase.swift; sourceTree = "<group>"; };
		F2CD63DD291C26B0003B48BD /* DeleteFeedUseCase.swift */ = {isa = PBXFileReference; lastKnownFileType = sourcecode.swift; path = DeleteFeedUseCase.swift; sourceTree = "<group>"; };
		F2E41FB129020A4700FCA844 /* SaveNewFeedUseCase.swift */ = {isa = PBXFileReference; lastKnownFileType = sourcecode.swift; path = SaveNewFeedUseCase.swift; sourceTree = "<group>"; };
		F2F1E56B2905D2AC00EE942A /* DataBaseDataSource.swift */ = {isa = PBXFileReference; lastKnownFileType = sourcecode.swift; path = DataBaseDataSource.swift; sourceTree = "<group>"; };
/* End PBXFileReference section */

/* Begin PBXFrameworksBuildPhase section */
		F2C4B9ED28F7269500359E5D /* Frameworks */ = {
			isa = PBXFrameworksBuildPhase;
			buildActionMask = 2147483647;
			files = (
				6E4A1BB02F84B84571F55F17 /* Pods_Meedly.framework in Frameworks */,
			);
			runOnlyForDeploymentPostprocessing = 0;
		};
/* End PBXFrameworksBuildPhase section */

/* Begin PBXGroup section */
		9E293D0104ACD72063598681 /* Frameworks */ = {
			isa = PBXGroup;
			children = (
				C93F3276B4A8D7FC09E2DBAE /* Pods_Meedly.framework */,
			);
			name = Frameworks;
			sourceTree = "<group>";
		};
		BA82BC933808C5C6F11B7B63 /* Pods */ = {
			isa = PBXGroup;
			children = (
				70C46748FC7A5FFF55C2D6A0 /* Pods-Meedly.debug.xcconfig */,
				4A12E61E65AE2C583E7CDE90 /* Pods-Meedly.release.xcconfig */,
			);
			path = Pods;
			sourceTree = "<group>";
		};
		F2985527292E4EF9006C04E5 /* CustomCells */ = {
			isa = PBXGroup;
			children = (
				F2985525292E4EAC006C04E5 /* MainCell.swift */,
				F2985538292E7671006C04E5 /* AddFeedCell.swift */,
				F217ADB8292FEBD300289495 /* SideBarCell.swift */,
			);
			path = CustomCells;
			sourceTree = "<group>";
		};
		F298552A292E6BA1006C04E5 /* Presenters */ = {
			isa = PBXGroup;
			children = (
				F298552B292E6BDE006C04E5 /* AddFeedPresenter.swift */,
				F2985532292E6C18006C04E5 /* DescriptionPresenter.swift */,
				F298552D292E6BED006C04E5 /* MainPresenter.swift */,
				F298552F292E6BF8006C04E5 /* SIdeBarPresenter.swift */,
			);
			path = Presenters;
			sourceTree = "<group>";
		};
		F2C4B9E728F7269500359E5D = {
			isa = PBXGroup;
			children = (
				F2C4B9F228F7269500359E5D /* Meedly */,
				F2C4B9F128F7269500359E5D /* Products */,
				BA82BC933808C5C6F11B7B63 /* Pods */,
				9E293D0104ACD72063598681 /* Frameworks */,
			);
			sourceTree = "<group>";
		};
		F2C4B9F128F7269500359E5D /* Products */ = {
			isa = PBXGroup;
			children = (
				F2C4B9F028F7269500359E5D /* Meedly.app */,
			);
			name = Products;
			sourceTree = "<group>";
		};
		F2C4B9F228F7269500359E5D /* Meedly */ = {
			isa = PBXGroup;
			children = (
				F2C4BA4328F8501F00359E5D /* App */,
				F2C4BA2E28F82DB400359E5D /* UI */,
				F2C4BA2C28F82DA300359E5D /* Domain */,
				F2C4BA2D28F82DA900359E5D /* Data */,
			);
			path = Meedly;
			sourceTree = "<group>";
		};
		F2C4BA2C28F82DA300359E5D /* Domain */ = {
			isa = PBXGroup;
			children = (
				F2F1E5522905231D00EE942A /* Model */,
				F2C4BA4028F830AD00359E5D /* UseCases */,
				F2C4BA4428F85DF000359E5D /* Repository */,
			);
			path = Domain;
			sourceTree = "<group>";
		};
		F2C4BA2D28F82DA900359E5D /* Data */ = {
			isa = PBXGroup;
			children = (
				F2C4BA2F28F82DDE00359E5D /* Model */,
				F2C4BA4528F85E3D00359E5D /* Repository */,
			);
			path = Data;
			sourceTree = "<group>";
		};
		F2C4BA2E28F82DB400359E5D /* UI */ = {
			isa = PBXGroup;
			children = (
				F2C4BA4728F88B6C00359E5D /* UIElements */,
				F2C4BA4828F88B8200359E5D /* ViewControllers */,
				F298552A292E6BA1006C04E5 /* Presenters */,
				F2985534292E6CF7006C04E5 /* Router.swift */,
				F217ADBF2930AB4300289495 /* UIConstants.swift */,
			);
			path = UI;
			sourceTree = "<group>";
		};
		F2C4BA2F28F82DDE00359E5D /* Model */ = {
			isa = PBXGroup;
			children = (
				F2C4BA3E28F82E8200359E5D /* FeedItemEntity */,
				F2C4BA3C28F82E6100359E5D /* FeedEntity */,
			);
			path = Model;
			sourceTree = "<group>";
		};
		F2C4BA3C28F82E6100359E5D /* FeedEntity */ = {
			isa = PBXGroup;
			children = (
				F2B9BC07292415E400BB0E47 /* FeedEntity+CoreDataClass.swift */,
				F2B9BC08292415E400BB0E47 /* FeedEntity+CoreDataProperties.swift */,
			);
			path = FeedEntity;
			sourceTree = "<group>";
		};
		F2C4BA3E28F82E8200359E5D /* FeedItemEntity */ = {
			isa = PBXGroup;
			children = (
				F2B9BC09292415E400BB0E47 /* FeedItemEntity+CoreDataClass.swift */,
				F2B9BC0A292415E400BB0E47 /* FeedItemEntity+CoreDataProperties.swift */,
			);
			path = FeedItemEntity;
			sourceTree = "<group>";
		};
		F2C4BA4028F830AD00359E5D /* UseCases */ = {
			isa = PBXGroup;
			children = (
				F2E41FB129020A4700FCA844 /* SaveNewFeedUseCase.swift */,
				F2B9BC0F29241D9800BB0E47 /* GetItemsUseCase.swift */,
				F2B9BC1129241DB500BB0E47 /* GetFeedsUseCase.swift */,
				F2CD63DD291C26B0003B48BD /* DeleteFeedUseCase.swift */,
				F2CD63DB291C269D003B48BD /* DeleteGroupUseCase.swift */,
				F217ADBD2930A98200289495 /* MarkAsReadUseCase.swift */,
				F2CD63D9291BB905003B48BD /* AdjustIsReadStateUseCase.swift */,
				F2AC3A4E292790AE00F0EC5A /* AdjustIsLikedStateUseCase.swift */,
			);
			path = UseCases;
			sourceTree = "<group>";
		};
		F2C4BA4328F8501F00359E5D /* App */ = {
			isa = PBXGroup;
			children = (
				F2C4BA0428F7269600359E5D /* Info.plist */,
				F2C4B9F328F7269500359E5D /* AppDelegate.swift */,
				F2C4B9F528F7269500359E5D /* SceneDelegate.swift */,
				F2256F1E290876A0003DA153 /* DIConatiner.swift */,
				F2347486290FAEF60027C0A2 /* Extensions.swift */,
				F2B9BC02292403DF00BB0E47 /* Constants.swift */,
			);
			path = App;
			sourceTree = "<group>";
		};
		F2C4BA4428F85DF000359E5D /* Repository */ = {
			isa = PBXGroup;
			children = (
				F2C4BA5128F9596700359E5D /* FeedRepository.swift */,
			);
			path = Repository;
			sourceTree = "<group>";
		};
		F2C4BA4528F85E3D00359E5D /* Repository */ = {
			isa = PBXGroup;
			children = (
				F2C4BA6428F9BB5000359E5D /* FeedRepositoryImpl.swift */,
				F2C4BA4628F85E8A00359E5D /* DataSource */,
			);
			path = Repository;
			sourceTree = "<group>";
		};
		F2C4BA4628F85E8A00359E5D /* DataSource */ = {
			isa = PBXGroup;
			children = (
				F2C4BA6328F9BA3A00359E5D /* NetworkDataSources */,
				F2C4BA6228F9BA2A00359E5D /* DataBaseDataSource */,
			);
			path = DataSource;
			sourceTree = "<group>";
		};
		F2C4BA4728F88B6C00359E5D /* UIElements */ = {
			isa = PBXGroup;
			children = (
				F2C4B9FF28F7269600359E5D /* Assets.xcassets */,
				F2C4BA0128F7269600359E5D /* LaunchScreen.storyboard */,
			);
			path = UIElements;
			sourceTree = "<group>";
		};
		F2C4BA4828F88B8200359E5D /* ViewControllers */ = {
			isa = PBXGroup;
			children = (
				F21D0230292D1B7C0060B18C /* AddFeedViewController.swift */,
				F2985528292E5921006C04E5 /* DescriptionViewController.swift */,
				F27C46C0292C0D1E00A93D43 /* MainViewController.swift */,
				F2969B28292DFC92006E0B2B /* SideBarViewController.swift */,
				F2985527292E4EF9006C04E5 /* CustomCells */,
			);
			path = ViewControllers;
			sourceTree = "<group>";
		};
		F2C4BA6228F9BA2A00359E5D /* DataBaseDataSource */ = {
			isa = PBXGroup;
			children = (
				F2F1E56B2905D2AC00EE942A /* DataBaseDataSource.swift */,
				F219374528FEFBA100AD5AF0 /* CoreDataManager.swift */,
				F217ADBA292FEC6A00289495 /* DataModelFeedly.xcdatamodeld */,
			);
			path = DataBaseDataSource;
			sourceTree = "<group>";
		};
		F2C4BA6328F9BA3A00359E5D /* NetworkDataSources */ = {
			isa = PBXGroup;
			children = (
				F2C4BA6628F9E38A00359E5D /* NetworkDataSource.swift */,
				F2AC3A502928449500F0EC5A /* XMLDataParser.swift */,
			);
			path = NetworkDataSources;
			sourceTree = "<group>";
		};
		F2F1E5522905231D00EE942A /* Model */ = {
			isa = PBXGroup;
			children = (
				F2932B8D2906D1B300581568 /* FeedItem.swift */,
				F2929C102906E24B006B96CF /* Feed.swift */,
			);
			path = Model;
			sourceTree = "<group>";
		};
/* End PBXGroup section */

/* Begin PBXNativeTarget section */
		F2C4B9EF28F7269500359E5D /* Meedly */ = {
			isa = PBXNativeTarget;
			buildConfigurationList = F2C4BA0728F7269600359E5D /* Build configuration list for PBXNativeTarget "Meedly" */;
			buildPhases = (
				6A7A7AABBFDAA792A02E1998 /* [CP] Check Pods Manifest.lock */,
				F2C4B9EC28F7269500359E5D /* Sources */,
				F2C4B9ED28F7269500359E5D /* Frameworks */,
				F2C4B9EE28F7269500359E5D /* Resources */,
				9668B32B83FC45B0C3805602 /* [CP] Embed Pods Frameworks */,
			);
			buildRules = (
			);
			dependencies = (
			);
			name = Meedly;
			productName = Meedly;
			productReference = F2C4B9F028F7269500359E5D /* Meedly.app */;
			productType = "com.apple.product-type.application";
		};
/* End PBXNativeTarget section */

/* Begin PBXProject section */
		F2C4B9E828F7269500359E5D /* Project object */ = {
			isa = PBXProject;
			attributes = {
				BuildIndependentTargetsInParallel = 1;
				LastSwiftUpdateCheck = 1400;
				LastUpgradeCheck = 1400;
				TargetAttributes = {
					F2C4B9EF28F7269500359E5D = {
						CreatedOnToolsVersion = 14.0.1;
					};
				};
			};
			buildConfigurationList = F2C4B9EB28F7269500359E5D /* Build configuration list for PBXProject "Meedly" */;
			compatibilityVersion = "Xcode 14.0";
			developmentRegion = en;
			hasScannedForEncodings = 0;
			knownRegions = (
				en,
				Base,
			);
			mainGroup = F2C4B9E728F7269500359E5D;
			productRefGroup = F2C4B9F128F7269500359E5D /* Products */;
			projectDirPath = "";
			projectRoot = "";
			targets = (
				F2C4B9EF28F7269500359E5D /* Meedly */,
			);
		};
/* End PBXProject section */

/* Begin PBXResourcesBuildPhase section */
		F2C4B9EE28F7269500359E5D /* Resources */ = {
			isa = PBXResourcesBuildPhase;
			buildActionMask = 2147483647;
			files = (
				F2C4BA0328F7269600359E5D /* LaunchScreen.storyboard in Resources */,
				F2C4BA0028F7269600359E5D /* Assets.xcassets in Resources */,
			);
			runOnlyForDeploymentPostprocessing = 0;
		};
/* End PBXResourcesBuildPhase section */

/* Begin PBXShellScriptBuildPhase section */
		6A7A7AABBFDAA792A02E1998 /* [CP] Check Pods Manifest.lock */ = {
			isa = PBXShellScriptBuildPhase;
			buildActionMask = 2147483647;
			files = (
			);
			inputFileListPaths = (
			);
			inputPaths = (
				"${PODS_PODFILE_DIR_PATH}/Podfile.lock",
				"${PODS_ROOT}/Manifest.lock",
			);
			name = "[CP] Check Pods Manifest.lock";
			outputFileListPaths = (
			);
			outputPaths = (
				"$(DERIVED_FILE_DIR)/Pods-Meedly-checkManifestLockResult.txt",
			);
			runOnlyForDeploymentPostprocessing = 0;
			shellPath = /bin/sh;
			shellScript = "diff \"${PODS_PODFILE_DIR_PATH}/Podfile.lock\" \"${PODS_ROOT}/Manifest.lock\" > /dev/null\nif [ $? != 0 ] ; then\n    # print error to STDERR\n    echo \"error: The sandbox is not in sync with the Podfile.lock. Run 'pod install' or update your CocoaPods installation.\" >&2\n    exit 1\nfi\n# This output is used by Xcode 'outputs' to avoid re-running this script phase.\necho \"SUCCESS\" > \"${SCRIPT_OUTPUT_FILE_0}\"\n";
			showEnvVarsInLog = 0;
		};
		9668B32B83FC45B0C3805602 /* [CP] Embed Pods Frameworks */ = {
			isa = PBXShellScriptBuildPhase;
			buildActionMask = 2147483647;
			files = (
			);
			inputFileListPaths = (
				"${PODS_ROOT}/Target Support Files/Pods-Meedly/Pods-Meedly-frameworks-${CONFIGURATION}-input-files.xcfilelist",
			);
			name = "[CP] Embed Pods Frameworks";
			outputFileListPaths = (
				"${PODS_ROOT}/Target Support Files/Pods-Meedly/Pods-Meedly-frameworks-${CONFIGURATION}-output-files.xcfilelist",
			);
			runOnlyForDeploymentPostprocessing = 0;
			shellPath = /bin/sh;
			shellScript = "\"${PODS_ROOT}/Target Support Files/Pods-Meedly/Pods-Meedly-frameworks.sh\"\n";
			showEnvVarsInLog = 0;
		};
/* End PBXShellScriptBuildPhase section */

/* Begin PBXSourcesBuildPhase section */
		F2C4B9EC28F7269500359E5D /* Sources */ = {
			isa = PBXSourcesBuildPhase;
			buildActionMask = 2147483647;
			files = (
				F2B9BC0C292415E400BB0E47 /* FeedEntity+CoreDataProperties.swift in Sources */,
				F2B9BC1229241DB500BB0E47 /* GetFeedsUseCase.swift in Sources */,
				F2929C112906E24B006B96CF /* Feed.swift in Sources */,
				F2985529292E5921006C04E5 /* DescriptionViewController.swift in Sources */,
				F2CD63DC291C269D003B48BD /* DeleteGroupUseCase.swift in Sources */,
				F2B9BC0D292415E400BB0E47 /* FeedItemEntity+CoreDataClass.swift in Sources */,
				F2AC3A4F292790AE00F0EC5A /* AdjustIsLikedStateUseCase.swift in Sources */,
				F217ADC02930AB4300289495 /* UIConstants.swift in Sources */,
				F27C46C1292C0D1E00A93D43 /* MainViewController.swift in Sources */,
				F2B9BC0B292415E400BB0E47 /* FeedEntity+CoreDataClass.swift in Sources */,
				F217ADB9292FEBD300289495 /* SideBarCell.swift in Sources */,
				F2932B8E2906D1B300581568 /* FeedItem.swift in Sources */,
				F298552E292E6BED006C04E5 /* MainPresenter.swift in Sources */,
				F2B9BC0E292415E400BB0E47 /* FeedItemEntity+CoreDataProperties.swift in Sources */,
				F298552C292E6BDE006C04E5 /* AddFeedPresenter.swift in Sources */,
				F21D0231292D1B7D0060B18C /* AddFeedViewController.swift in Sources */,
				F2256F1F290876A0003DA153 /* DIConatiner.swift in Sources */,
				F217ADBE2930A98200289495 /* MarkAsReadUseCase.swift in Sources */,
				F2969B29292DFC92006E0B2B /* SideBarViewController.swift in Sources */,
				F2985535292E6CF7006C04E5 /* Router.swift in Sources */,
				F2985539292E7671006C04E5 /* AddFeedCell.swift in Sources */,
				F2C4B9F428F7269500359E5D /* AppDelegate.swift in Sources */,
				F2985526292E4EAC006C04E5 /* MainCell.swift in Sources */,
				F2C4BA6728F9E38A00359E5D /* NetworkDataSource.swift in Sources */,
				F2B9BC03292403DF00BB0E47 /* Constants.swift in Sources */,
				F2985530292E6BF8006C04E5 /* SIdeBarPresenter.swift in Sources */,
				F219374628FEFBA100AD5AF0 /* CoreDataManager.swift in Sources */,
				F2C4BA6528F9BB5000359E5D /* FeedRepositoryImpl.swift in Sources */,
				F2B9BC1029241D9800BB0E47 /* GetItemsUseCase.swift in Sources */,
				F2CD63DA291BB906003B48BD /* AdjustIsReadStateUseCase.swift in Sources */,
				F2C4B9F628F7269500359E5D /* SceneDelegate.swift in Sources */,
				F2985533292E6C18006C04E5 /* DescriptionPresenter.swift in Sources */,
				F2CD63DE291C26B0003B48BD /* DeleteFeedUseCase.swift in Sources */,
				F2347487290FAEF60027C0A2 /* Extensions.swift in Sources */,
				F2AC3A512928449500F0EC5A /* XMLDataParser.swift in Sources */,
				F2E41FB229020A4700FCA844 /* SaveNewFeedUseCase.swift in Sources */,
				F2C4BA5228F9596700359E5D /* FeedRepository.swift in Sources */,
				F217ADBC292FEC6A00289495 /* DataModelFeedly.xcdatamodeld in Sources */,
				F2F1E56C2905D2AC00EE942A /* DataBaseDataSource.swift in Sources */,
			);
			runOnlyForDeploymentPostprocessing = 0;
		};
/* End PBXSourcesBuildPhase section */

/* Begin PBXVariantGroup section */
		F2C4BA0128F7269600359E5D /* LaunchScreen.storyboard */ = {
			isa = PBXVariantGroup;
			children = (
				F2C4BA0228F7269600359E5D /* Base */,
			);
			name = LaunchScreen.storyboard;
			sourceTree = "<group>";
		};
/* End PBXVariantGroup section */

/* Begin XCBuildConfiguration section */
		F2C4BA0528F7269600359E5D /* Debug */ = {
			isa = XCBuildConfiguration;
			buildSettings = {
				ALWAYS_SEARCH_USER_PATHS = NO;
				CLANG_ANALYZER_NONNULL = YES;
				CLANG_ANALYZER_NUMBER_OBJECT_CONVERSION = YES_AGGRESSIVE;
				CLANG_CXX_LANGUAGE_STANDARD = "gnu++20";
				CLANG_ENABLE_MODULES = YES;
				CLANG_ENABLE_OBJC_ARC = YES;
				CLANG_ENABLE_OBJC_WEAK = YES;
				CLANG_WARN_BLOCK_CAPTURE_AUTORELEASING = YES;
				CLANG_WARN_BOOL_CONVERSION = YES;
				CLANG_WARN_COMMA = YES;
				CLANG_WARN_CONSTANT_CONVERSION = YES;
				CLANG_WARN_DEPRECATED_OBJC_IMPLEMENTATIONS = YES;
				CLANG_WARN_DIRECT_OBJC_ISA_USAGE = YES_ERROR;
				CLANG_WARN_DOCUMENTATION_COMMENTS = YES;
				CLANG_WARN_EMPTY_BODY = YES;
				CLANG_WARN_ENUM_CONVERSION = YES;
				CLANG_WARN_INFINITE_RECURSION = YES;
				CLANG_WARN_INT_CONVERSION = YES;
				CLANG_WARN_NON_LITERAL_NULL_CONVERSION = YES;
				CLANG_WARN_OBJC_IMPLICIT_RETAIN_SELF = YES;
				CLANG_WARN_OBJC_LITERAL_CONVERSION = YES;
				CLANG_WARN_OBJC_ROOT_CLASS = YES_ERROR;
				CLANG_WARN_QUOTED_INCLUDE_IN_FRAMEWORK_HEADER = YES;
				CLANG_WARN_RANGE_LOOP_ANALYSIS = YES;
				CLANG_WARN_STRICT_PROTOTYPES = YES;
				CLANG_WARN_SUSPICIOUS_MOVE = YES;
				CLANG_WARN_UNGUARDED_AVAILABILITY = YES_AGGRESSIVE;
				CLANG_WARN_UNREACHABLE_CODE = YES;
				CLANG_WARN__DUPLICATE_METHOD_MATCH = YES;
				COPY_PHASE_STRIP = NO;
				DEBUG_INFORMATION_FORMAT = dwarf;
				ENABLE_STRICT_OBJC_MSGSEND = YES;
				ENABLE_TESTABILITY = YES;
				GCC_C_LANGUAGE_STANDARD = gnu11;
				GCC_DYNAMIC_NO_PIC = NO;
				GCC_NO_COMMON_BLOCKS = YES;
				GCC_OPTIMIZATION_LEVEL = 0;
				GCC_PREPROCESSOR_DEFINITIONS = (
					"DEBUG=1",
					"$(inherited)",
				);
				GCC_WARN_64_TO_32_BIT_CONVERSION = YES;
				GCC_WARN_ABOUT_RETURN_TYPE = YES_ERROR;
				GCC_WARN_UNDECLARED_SELECTOR = YES;
				GCC_WARN_UNINITIALIZED_AUTOS = YES_AGGRESSIVE;
				GCC_WARN_UNUSED_FUNCTION = YES;
				GCC_WARN_UNUSED_VARIABLE = YES;
				IPHONEOS_DEPLOYMENT_TARGET = 16.0;
				MTL_ENABLE_DEBUG_INFO = INCLUDE_SOURCE;
				MTL_FAST_MATH = YES;
				ONLY_ACTIVE_ARCH = YES;
				SDKROOT = iphoneos;
				SWIFT_ACTIVE_COMPILATION_CONDITIONS = DEBUG;
				SWIFT_OPTIMIZATION_LEVEL = "-Onone";
			};
			name = Debug;
		};
		F2C4BA0628F7269600359E5D /* Release */ = {
			isa = XCBuildConfiguration;
			buildSettings = {
				ALWAYS_SEARCH_USER_PATHS = NO;
				CLANG_ANALYZER_NONNULL = YES;
				CLANG_ANALYZER_NUMBER_OBJECT_CONVERSION = YES_AGGRESSIVE;
				CLANG_CXX_LANGUAGE_STANDARD = "gnu++20";
				CLANG_ENABLE_MODULES = YES;
				CLANG_ENABLE_OBJC_ARC = YES;
				CLANG_ENABLE_OBJC_WEAK = YES;
				CLANG_WARN_BLOCK_CAPTURE_AUTORELEASING = YES;
				CLANG_WARN_BOOL_CONVERSION = YES;
				CLANG_WARN_COMMA = YES;
				CLANG_WARN_CONSTANT_CONVERSION = YES;
				CLANG_WARN_DEPRECATED_OBJC_IMPLEMENTATIONS = YES;
				CLANG_WARN_DIRECT_OBJC_ISA_USAGE = YES_ERROR;
				CLANG_WARN_DOCUMENTATION_COMMENTS = YES;
				CLANG_WARN_EMPTY_BODY = YES;
				CLANG_WARN_ENUM_CONVERSION = YES;
				CLANG_WARN_INFINITE_RECURSION = YES;
				CLANG_WARN_INT_CONVERSION = YES;
				CLANG_WARN_NON_LITERAL_NULL_CONVERSION = YES;
				CLANG_WARN_OBJC_IMPLICIT_RETAIN_SELF = YES;
				CLANG_WARN_OBJC_LITERAL_CONVERSION = YES;
				CLANG_WARN_OBJC_ROOT_CLASS = YES_ERROR;
				CLANG_WARN_QUOTED_INCLUDE_IN_FRAMEWORK_HEADER = YES;
				CLANG_WARN_RANGE_LOOP_ANALYSIS = YES;
				CLANG_WARN_STRICT_PROTOTYPES = YES;
				CLANG_WARN_SUSPICIOUS_MOVE = YES;
				CLANG_WARN_UNGUARDED_AVAILABILITY = YES_AGGRESSIVE;
				CLANG_WARN_UNREACHABLE_CODE = YES;
				CLANG_WARN__DUPLICATE_METHOD_MATCH = YES;
				COPY_PHASE_STRIP = NO;
				DEBUG_INFORMATION_FORMAT = "dwarf-with-dsym";
				ENABLE_NS_ASSERTIONS = NO;
				ENABLE_STRICT_OBJC_MSGSEND = YES;
				GCC_C_LANGUAGE_STANDARD = gnu11;
				GCC_NO_COMMON_BLOCKS = YES;
				GCC_WARN_64_TO_32_BIT_CONVERSION = YES;
				GCC_WARN_ABOUT_RETURN_TYPE = YES_ERROR;
				GCC_WARN_UNDECLARED_SELECTOR = YES;
				GCC_WARN_UNINITIALIZED_AUTOS = YES_AGGRESSIVE;
				GCC_WARN_UNUSED_FUNCTION = YES;
				GCC_WARN_UNUSED_VARIABLE = YES;
				IPHONEOS_DEPLOYMENT_TARGET = 16.0;
				MTL_ENABLE_DEBUG_INFO = NO;
				MTL_FAST_MATH = YES;
				SDKROOT = iphoneos;
				SWIFT_COMPILATION_MODE = wholemodule;
				SWIFT_OPTIMIZATION_LEVEL = "-O";
				VALIDATE_PRODUCT = YES;
			};
			name = Release;
		};
		F2C4BA0828F7269600359E5D /* Debug */ = {
			isa = XCBuildConfiguration;
			baseConfigurationReference = 70C46748FC7A5FFF55C2D6A0 /* Pods-Meedly.debug.xcconfig */;
			buildSettings = {
				ASSETCATALOG_COMPILER_APPICON_NAME = AppIcon;
				ASSETCATALOG_COMPILER_GLOBAL_ACCENT_COLOR_NAME = AccentColor;
				CODE_SIGN_STYLE = Automatic;
				CURRENT_PROJECT_VERSION = 1;
				GENERATE_INFOPLIST_FILE = YES;
				INFOPLIST_FILE = Meedly/App/Info.plist;
				INFOPLIST_KEY_UIApplicationSupportsIndirectInputEvents = YES;
				INFOPLIST_KEY_UILaunchStoryboardName = LaunchScreen;
				INFOPLIST_KEY_UISupportedInterfaceOrientations_iPad = "UIInterfaceOrientationPortrait UIInterfaceOrientationPortraitUpsideDown UIInterfaceOrientationLandscapeLeft UIInterfaceOrientationLandscapeRight";
				INFOPLIST_KEY_UISupportedInterfaceOrientations_iPhone = "UIInterfaceOrientationPortrait UIInterfaceOrientationLandscapeLeft UIInterfaceOrientationLandscapeRight";
				IPHONEOS_DEPLOYMENT_TARGET = 16.1;
				LD_RUNPATH_SEARCH_PATHS = (
					"$(inherited)",
					"@executable_path/Frameworks",
				);
				MARKETING_VERSION = 1.0;
				PRODUCT_BUNDLE_IDENTIFIER = illia.Meedly;
				PRODUCT_NAME = "$(TARGET_NAME)";
				SWIFT_EMIT_LOC_STRINGS = YES;
				SWIFT_VERSION = 5.0;
				TARGETED_DEVICE_FAMILY = "1,2";
			};
			name = Debug;
		};
		F2C4BA0928F7269600359E5D /* Release */ = {
			isa = XCBuildConfiguration;
			baseConfigurationReference = 4A12E61E65AE2C583E7CDE90 /* Pods-Meedly.release.xcconfig */;
			buildSettings = {
				ASSETCATALOG_COMPILER_APPICON_NAME = AppIcon;
				ASSETCATALOG_COMPILER_GLOBAL_ACCENT_COLOR_NAME = AccentColor;
				CODE_SIGN_STYLE = Automatic;
				CURRENT_PROJECT_VERSION = 1;
				GENERATE_INFOPLIST_FILE = YES;
				INFOPLIST_FILE = Meedly/App/Info.plist;
				INFOPLIST_KEY_UIApplicationSupportsIndirectInputEvents = YES;
				INFOPLIST_KEY_UILaunchStoryboardName = LaunchScreen;
				INFOPLIST_KEY_UISupportedInterfaceOrientations_iPad = "UIInterfaceOrientationPortrait UIInterfaceOrientationPortraitUpsideDown UIInterfaceOrientationLandscapeLeft UIInterfaceOrientationLandscapeRight";
				INFOPLIST_KEY_UISupportedInterfaceOrientations_iPhone = "UIInterfaceOrientationPortrait UIInterfaceOrientationLandscapeLeft UIInterfaceOrientationLandscapeRight";
				IPHONEOS_DEPLOYMENT_TARGET = 16.1;
				LD_RUNPATH_SEARCH_PATHS = (
					"$(inherited)",
					"@executable_path/Frameworks",
				);
				MARKETING_VERSION = 1.0;
				PRODUCT_BUNDLE_IDENTIFIER = illia.Meedly;
				PRODUCT_NAME = "$(TARGET_NAME)";
				SWIFT_EMIT_LOC_STRINGS = YES;
				SWIFT_VERSION = 5.0;
				TARGETED_DEVICE_FAMILY = "1,2";
			};
			name = Release;
		};
/* End XCBuildConfiguration section */

/* Begin XCConfigurationList section */
		F2C4B9EB28F7269500359E5D /* Build configuration list for PBXProject "Meedly" */ = {
			isa = XCConfigurationList;
			buildConfigurations = (
				F2C4BA0528F7269600359E5D /* Debug */,
				F2C4BA0628F7269600359E5D /* Release */,
			);
			defaultConfigurationIsVisible = 0;
			defaultConfigurationName = Release;
		};
		F2C4BA0728F7269600359E5D /* Build configuration list for PBXNativeTarget "Meedly" */ = {
			isa = XCConfigurationList;
			buildConfigurations = (
				F2C4BA0828F7269600359E5D /* Debug */,
				F2C4BA0928F7269600359E5D /* Release */,
			);
			defaultConfigurationIsVisible = 0;
			defaultConfigurationName = Release;
		};
/* End XCConfigurationList section */

/* Begin XCVersionGroup section */
		F217ADBA292FEC6A00289495 /* DataModelFeedly.xcdatamodeld */ = {
			isa = XCVersionGroup;
			children = (
				F217ADBB292FEC6A00289495 /* DataModelFeedly.xcdatamodel */,
			);
			currentVersion = F217ADBB292FEC6A00289495 /* DataModelFeedly.xcdatamodel */;
			path = DataModelFeedly.xcdatamodeld;
			sourceTree = "<group>";
			versionGroupType = wrapper.xcdatamodel;
		};
/* End XCVersionGroup section */
	};
	rootObject = F2C4B9E828F7269500359E5D /* Project object */;
}
